
Microsoft Visual Studio Solution File, Format Version 12.00
# Visual Studio Version 16
VisualStudioVersion = 16.0.29009.5
MinimumVisualStudioVersion = 10.0.40219.1
Project("{8BC9CEB8-8B4A-11D0-8D11-00A0C91BC942}") = "OpenGL_test", "OpenGL_test\OpenGL_test.vcxproj", "{11A0C026-C066-4FC6-A3D3-EE935F6730FD}"
EndProject
Project("{8BC9CEB8-8B4A-11D0-8D11-00A0C91BC942}") = "test4", "test4\test4.vcxproj", "{88DF9D64-E37B-4D5E-8E49-59B37C30F583}"
EndProject
Project("{8BC9CEB8-8B4A-11D0-8D11-00A0C91BC942}") = "test1", "test1\test1.vcxproj", "{4ADA3194-F162-4825-9E99-C1E0837109B5}"
EndProject
Project("{8BC9CEB8-8B4A-11D0-8D11-00A0C91BC942}") = "test2", "test2\test2.vcxproj", "{360B3009-F082-4949-90C7-284409FAB089}"
EndProject
Project("{8BC9CEB8-8B4A-11D0-8D11-00A0C91BC942}") = "test3", "test3\test3.vcxproj", "{A2B17190-54A0-4F85-A0F6-1A404452BD8B}"
EndProject
Project("{8BC9CEB8-8B4A-11D0-8D11-00A0C91BC942}") = "test5", "test5\test5.vcxproj", "{BEA596FE-D4A3-4DAA-B38A-81AD8A8A63F1}"
EndProject
Project("{8BC9CEB8-8B4A-11D0-8D11-00A0C91BC942}") = "test10", "test10\test10.vcxproj", "{BC438E58-3847-4301-91AB-933BDC39C902}"
EndProject
Global
	GlobalSection(SolutionConfigurationPlatforms) = preSolution
		Debug|x64 = Debug|x64
		Debug|x86 = Debug|x86
		Release|x64 = Release|x64
		Release|x86 = Release|x86
	EndGlobalSection
	GlobalSection(ProjectConfigurationPlatforms) = postSolution
		{11A0C026-C066-4FC6-A3D3-EE935F6730FD}.Debug|x64.ActiveCfg = Debug|x64
		{11A0C026-C066-4FC6-A3D3-EE935F6730FD}.Debug|x64.Build.0 = Debug|x64
		{11A0C026-C066-4FC6-A3D3-EE935F6730FD}.Debug|x86.ActiveCfg = Debug|Win32
		{11A0C026-C066-4FC6-A3D3-EE935F6730FD}.Debug|x86.Build.0 = Debug|Win32
		{11A0C026-C066-4FC6-A3D3-EE935F6730FD}.Release|x64.ActiveCfg = Release|x64
		{11A0C026-C066-4FC6-A3D3-EE935F6730FD}.Release|x64.Build.0 = Release|x64
		{11A0C026-C066-4FC6-A3D3-EE935F6730FD}.Release|x86.ActiveCfg = Release|Win32
		{11A0C026-C066-4FC6-A3D3-EE935F6730FD}.Release|x86.Build.0 = Release|Win32
		{88DF9D64-E37B-4D5E-8E49-59B37C30F583}.Debug|x64.ActiveCfg = Debug|x64
		{88DF9D64-E37B-4D5E-8E49-59B37C30F583}.Debug|x64.Build.0 = Debug|x64
		{88DF9D64-E37B-4D5E-8E49-59B37C30F583}.Debug|x86.ActiveCfg = Debug|Win32
		{88DF9D64-E37B-4D5E-8E49-59B37C30F583}.Debug|x86.Build.0 = Debug|Win32
		{88DF9D64-E37B-4D5E-8E49-59B37C30F583}.Release|x64.ActiveCfg = Release|x64
		{88DF9D64-E37B-4D5E-8E49-59B37C30F583}.Release|x64.Build.0 = Release|x64
		{88DF9D64-E37B-4D5E-8E49-59B37C30F583}.Release|x86.ActiveCfg = Release|Win32
		{88DF9D64-E37B-4D5E-8E49-59B37C30F583}.Release|x86.Build.0 = Release|Win32
		{4ADA3194-F162-4825-9E99-C1E0837109B5}.Debug|x64.ActiveCfg = Debug|x64
		{4ADA3194-F162-4825-9E99-C1E0837109B5}.Debug|x64.Build.0 = Debug|x64
		{4ADA3194-F162-4825-9E99-C1E0837109B5}.Debug|x86.ActiveCfg = Debug|Win32
		{4ADA3194-F162-4825-9E99-C1E0837109B5}.Debug|x86.Build.0 = Debug|Win32
		{4ADA3194-F162-4825-9E99-C1E0837109B5}.Release|x64.ActiveCfg = Release|x64
		{4ADA3194-F162-4825-9E99-C1E0837109B5}.Release|x64.Build.0 = Release|x64
		{4ADA3194-F162-4825-9E99-C1E0837109B5}.Release|x86.ActiveCfg = Release|Win32
		{4ADA3194-F162-4825-9E99-C1E0837109B5}.Release|x86.Build.0 = Release|Win32
		{360B3009-F082-4949-90C7-284409FAB089}.Debug|x64.ActiveCfg = Debug|x64
		{360B3009-F082-4949-90C7-284409FAB089}.Debug|x64.Build.0 = Debug|x64
		{360B3009-F082-4949-90C7-284409FAB089}.Debug|x86.ActiveCfg = Debug|Win32
		{360B3009-F082-4949-90C7-284409FAB089}.Debug|x86.Build.0 = Debug|Win32
		{360B3009-F082-4949-90C7-284409FAB089}.Release|x64.ActiveCfg = Release|x64
		{360B3009-F082-4949-90C7-284409FAB089}.Release|x64.Build.0 = Release|x64
		{360B3009-F082-4949-90C7-284409FAB089}.Release|x86.ActiveCfg = Release|Win32
		{360B3009-F082-4949-90C7-284409FAB089}.Release|x86.Build.0 = Release|Win32
		{A2B17190-54A0-4F85-A0F6-1A404452BD8B}.Debug|x64.ActiveCfg = Debug|x64
		{A2B17190-54A0-4F85-A0F6-1A404452BD8B}.Debug|x64.Build.0 = Debug|x64
		{A2B17190-54A0-4F85-A0F6-1A404452BD8B}.Debug|x86.ActiveCfg = Debug|Win32
		{A2B17190-54A0-4F85-A0F6-1A404452BD8B}.Debug|x86.Build.0 = Debug|Win32
		{A2B17190-54A0-4F85-A0F6-1A404452BD8B}.Release|x64.ActiveCfg = Release|x64
		{A2B17190-54A0-4F85-A0F6-1A404452BD8B}.Release|x64.Build.0 = Release|x64
		{A2B17190-54A0-4F85-A0F6-1A404452BD8B}.Release|x86.ActiveCfg = Release|Win32
		{A2B17190-54A0-4F85-A0F6-1A404452BD8B}.Release|x86.Build.0 = Release|Win32
		{BEA596FE-D4A3-4DAA-B38A-81AD8A8A63F1}.Debug|x64.ActiveCfg = Debug|x64
		{BEA596FE-D4A3-4DAA-B38A-81AD8A8A63F1}.Debug|x64.Build.0 = Debug|x64
		{BEA596FE-D4A3-4DAA-B38A-81AD8A8A63F1}.Debug|x86.ActiveCfg = Debug|Win32
		{BEA596FE-D4A3-4DAA-B38A-81AD8A8A63F1}.Debug|x86.Build.0 = Debug|Win32
		{BEA596FE-D4A3-4DAA-B38A-81AD8A8A63F1}.Release|x64.ActiveCfg = Release|x64
		{BEA596FE-D4A3-4DAA-B38A-81AD8A8A63F1}.Release|x64.Build.0 = Release|x64
		{BEA596FE-D4A3-4DAA-B38A-81AD8A8A63F1}.Release|x86.ActiveCfg = Release|Win32
		{BEA596FE-D4A3-4DAA-B38A-81AD8A8A63F1}.Release|x86.Build.0 = Release|Win32
		{BC438E58-3847-4301-91AB-933BDC39C902}.Debug|x64.ActiveCfg = Debug|x64
		{BC438E58-3847-4301-91AB-933BDC39C902}.Debug|x64.Build.0 = Debug|x64
		{BC438E58-3847-4301-91AB-933BDC39C902}.Debug|x86.ActiveCfg = Debug|Win32
		{BC438E58-3847-4301-91AB-933BDC39C902}.Debug|x86.Build.0 = Debug|Win32
		{BC438E58-3847-4301-91AB-933BDC39C902}.Release|x64.ActiveCfg = Release|x64
		{BC438E58-3847-4301-91AB-933BDC39C902}.Release|x64.Build.0 = Release|x64
		{BC438E58-3847-4301-91AB-933BDC39C902}.Release|x86.ActiveCfg = Release|Win32
		{BC438E58-3847-4301-91AB-933BDC39C902}.Release|x86.Build.0 = Release|Win32
	EndGlobalSection
	GlobalSection(SolutionProperties) = preSolution
		HideSolutionNode = FALSE
	EndGlobalSection
	GlobalSection(ExtensibilityGlobals) = postSolution
		SolutionGuid = {10705FC4-1019-4536-8A34-276CFC34288B}
	EndGlobalSection
EndGlobal
